
Microsoft Visual Studio Solution File, Format Version 12.00
# Visual Studio Version 16
VisualStudioVersion = 16.0.32106.194
MinimumVisualStudioVersion = 10.0.40219.1
Project("{FAE04EC0-301F-11D3-BF4B-00C04F79EFBC}") = "UserManagementAPI", "UserManagementAPI\UserManagementAPI.csproj", "{65841A36-A3F9-43D0-82E4-7D31661A0545}"
EndProject
Global
	GlobalSection(SolutionConfigurationPlatforms) = preSolution
		Debug|Any CPU = Debug|Any CPU
		Release|Any CPU = Release|Any CPU
	EndGlobalSection
	GlobalSection(ProjectConfigurationPlatforms) = postSolution
		{65841A36-A3F9-43D0-82E4-7D31661A0545}.Debug|Any CPU.ActiveCfg = Debug|Any CPU
		{65841A36-A3F9-43D0-82E4-7D31661A0545}.Debug|Any CPU.Build.0 = Debug|Any CPU
		{65841A36-A3F9-43D0-82E4-7D31661A0545}.Release|Any CPU.ActiveCfg = Release|Any CPU
		{65841A36-A3F9-43D0-82E4-7D31661A0545}.Release|Any CPU.Build.0 = Release|Any CPU
	EndGlobalSection
	GlobalSection(SolutionProperties) = preSolution
		HideSolutionNode = FALSE
	EndGlobalSection
	GlobalSection(ExtensibilityGlobals) = postSolution
		SolutionGuid = {74532B72-4B08-4F44-8DE0-E715880DE913}
	EndGlobalSection
EndGlobal
